// !$*UTF8*$!
{
	archiveVersion = 1;
	classes = {
	};
	objectVersion = 56;
	objects = {

/* Begin PBXBuildFile section */
		BDC9E39A2A3A063C008823A4 /* etmhfyjrsyat4wyehtjxtrewtgrhzdgnApp.swift in Sources */ = {isa = PBXBuildFile; fileRef = BDC9E3992A3A063C008823A4 /* etmhfyjrsyat4wyehtjxtrewtgrhzdgnApp.swift */; };
		BDC9E39C2A3A063C008823A4 /* ContentView.swift in Sources */ = {isa = PBXBuildFile; fileRef = BDC9E39B2A3A063C008823A4 /* ContentView.swift */; };
		BDC9E39E2A3A063D008823A4 /* Assets.xcassets in Resources */ = {isa = PBXBuildFile; fileRef = BDC9E39D2A3A063D008823A4 /* Assets.xcassets */; };
		BDC9E3A12A3A063D008823A4 /* Preview Assets.xcassets in Resources */ = {isa = PBXBuildFile; fileRef = BDC9E3A02A3A063D008823A4 /* Preview Assets.xcassets */; };
		BDC9E3AA2A3A06B7008823A4 /* ToDoItem.swift in Sources */ = {isa = PBXBuildFile; fileRef = BDC9E3A92A3A06B7008823A4 /* ToDoItem.swift */; };
		BDC9E3AC2A3A0A07008823A4 /* NewToDo.swift in Sources */ = {isa = PBXBuildFile; fileRef = BDC9E3AB2A3A0A07008823A4 /* NewToDo.swift */; };
/* End PBXBuildFile section */

/* Begin PBXFileReference section */
		BDC9E3962A3A063C008823A4 /* etmhfyjrsyat4wyehtjxtrewtgrhzdgn.app */ = {isa = PBXFileReference; explicitFileType = wrapper.application; includeInIndex = 0; path = etmhfyjrsyat4wyehtjxtrewtgrhzdgn.app; sourceTree = BUILT_PRODUCTS_DIR; };
		BDC9E3992A3A063C008823A4 /* etmhfyjrsyat4wyehtjxtrewtgrhzdgnApp.swift */ = {isa = PBXFileReference; lastKnownFileType = sourcecode.swift; path = etmhfyjrsyat4wyehtjxtrewtgrhzdgnApp.swift; sourceTree = "<group>"; };
		BDC9E39B2A3A063C008823A4 /* ContentView.swift */ = {isa = PBXFileReference; lastKnownFileType = sourcecode.swift; path = ContentView.swift; sourceTree = "<group>"; };
		BDC9E39D2A3A063D008823A4 /* Assets.xcassets */ = {isa = PBXFileReference; lastKnownFileType = folder.assetcatalog; path = Assets.xcassets; sourceTree = "<group>"; };
		BDC9E3A02A3A063D008823A4 /* Preview Assets.xcassets */ = {isa = PBXFileReference; lastKnownFileType = folder.assetcatalog; path = "Preview Assets.xcassets"; sourceTree = "<group>"; };
		BDC9E3A92A3A06B7008823A4 /* ToDoItem.swift */ = {isa = PBXFileReference; lastKnownFileType = sourcecode.swift; path = ToDoItem.swift; sourceTree = "<group>"; };
		BDC9E3AB2A3A0A07008823A4 /* NewToDo.swift */ = {isa = PBXFileReference; lastKnownFileType = sourcecode.swift; path = NewToDo.swift; sourceTree = "<group>"; };
/* End PBXFileReference section */

/* Begin PBXFrameworksBuildPhase section */
		BDC9E3932A3A063C008823A4 /* Frameworks */ = {
			isa = PBXFrameworksBuildPhase;
			buildActionMask = 2147483647;
			files = (
			);
			runOnlyForDeploymentPostprocessing = 0;
		};
/* End PBXFrameworksBuildPhase section */

/* Begin PBXGroup section */
		BDC9E38D2A3A063C008823A4 = {
			isa = PBXGroup;
			children = (
				BDC9E3982A3A063C008823A4 /* etmhfyjrsyat4wyehtjxtrewtgrhzdgn */,
				BDC9E3972A3A063C008823A4 /* Products */,
			);
			sourceTree = "<group>";
		};
		BDC9E3972A3A063C008823A4 /* Products */ = {
			isa = PBXGroup;
			children = (
				BDC9E3962A3A063C008823A4 /* etmhfyjrsyat4wyehtjxtrewtgrhzdgn.app */,
			);
			name = Products;
			sourceTree = "<group>";
		};
		BDC9E3982A3A063C008823A4 /* etmhfyjrsyat4wyehtjxtrewtgrhzdgn */ = {
			isa = PBXGroup;
			children = (
				BDC9E3992A3A063C008823A4 /* etmhfyjrsyat4wyehtjxtrewtgrhzdgnApp.swift */,
				BDC9E39B2A3A063C008823A4 /* ContentView.swift */,
				BDC9E3AB2A3A0A07008823A4 /* NewToDo.swift */,
				BDC9E3A92A3A06B7008823A4 /* ToDoItem.swift */,
				BDC9E39D2A3A063D008823A4 /* Assets.xcassets */,
				BDC9E39F2A3A063D008823A4 /* Preview Content */,
			);
			path = etmhfyjrsyat4wyehtjxtrewtgrhzdgn;
			sourceTree = "<group>";
		};
		BDC9E39F2A3A063D008823A4 /* Preview Content */ = {
			isa = PBXGroup;
			children = (
				BDC9E3A02A3A063D008823A4 /* Preview Assets.xcassets */,
			);
			path = "Preview Content";
			sourceTree = "<group>";
		};
/* End PBXGroup section */

/* Begin PBXNativeTarget section */
		BDC9E3952A3A063C008823A4 /* etmhfyjrsyat4wyehtjxtrewtgrhzdgn */ = {
			isa = PBXNativeTarget;
			buildConfigurationList = BDC9E3A42A3A063D008823A4 /* Build configuration list for PBXNativeTarget "etmhfyjrsyat4wyehtjxtrewtgrhzdgn" */;
			buildPhases = (
				BDC9E3922A3A063C008823A4 /* Sources */,
				BDC9E3932A3A063C008823A4 /* Frameworks */,
				BDC9E3942A3A063C008823A4 /* Resources */,
			);
			buildRules = (
			);
			dependencies = (
			);
			name = etmhfyjrsyat4wyehtjxtrewtgrhzdgn;
			productName = etmhfyjrsyat4wyehtjxtrewtgrhzdgn;
			productReference = BDC9E3962A3A063C008823A4 /* etmhfyjrsyat4wyehtjxtrewtgrhzdgn.app */;
			productType = "com.apple.product-type.application";
		};
/* End PBXNativeTarget section */

/* Begin PBXProject section */
		BDC9E38E2A3A063C008823A4 /* Project object */ = {
			isa = PBXProject;
			attributes = {
				BuildIndependentTargetsInParallel = 1;
				LastSwiftUpdateCheck = 1430;
				LastUpgradeCheck = 1430;
				TargetAttributes = {
					BDC9E3952A3A063C008823A4 = {
						CreatedOnToolsVersion = 14.3.1;
					};
				};
			};
			buildConfigurationList = BDC9E3912A3A063C008823A4 /* Build configuration list for PBXProject "etmhfyjrsyat4wyehtjxtrewtgrhzdgn" */;
			compatibilityVersion = "Xcode 14.0";
			developmentRegion = en;
			hasScannedForEncodings = 0;
			knownRegions = (
				en,
				Base,
			);
			mainGroup = BDC9E38D2A3A063C008823A4;
			productRefGroup = BDC9E3972A3A063C008823A4 /* Products */;
			projectDirPath = "";
			projectRoot = "";
			targets = (
				BDC9E3952A3A063C008823A4 /* etmhfyjrsyat4wyehtjxtrewtgrhzdgn */,
			);
		};
/* End PBXProject section */

/* Begin PBXResourcesBuildPhase section */
		BDC9E3942A3A063C008823A4 /* Resources */ = {
			isa = PBXResourcesBuildPhase;
			buildActionMask = 2147483647;
			files = (
				BDC9E3A12A3A063D008823A4 /* Preview Assets.xcassets in Resources */,
				BDC9E39E2A3A063D008823A4 /* Assets.xcassets in Resources */,
			);
			runOnlyForDeploymentPostprocessing = 0;
		};
/* End PBXResourcesBuildPhase section */

/* Begin PBXSourcesBuildPhase section */
		BDC9E3922A3A063C008823A4 /* Sources */ = {
			isa = PBXSourcesBuildPhase;
			buildActionMask = 2147483647;
			files = (
				BDC9E3AC2A3A0A07008823A4 /* NewToDo.swift in Sources */,
				BDC9E39C2A3A063C008823A4 /* ContentView.swift in Sources */,
				BDC9E39A2A3A063C008823A4 /* etmhfyjrsyat4wyehtjxtrewtgrhzdgnApp.swift in Sources */,
				BDC9E3AA2A3A06B7008823A4 /* ToDoItem.swift in Sources */,
			);
			runOnlyForDeploymentPostprocessing = 0;
		};
/* End PBXSourcesBuildPhase section */

/* Begin XCBuildConfiguration section */
		BDC9E3A22A3A063D008823A4 /* Debug */ = {
			isa = XCBuildConfiguration;
			buildSettings = {
				ALWAYS_SEARCH_USER_PATHS = NO;
				CLANG_ANALYZER_NONNULL = YES;
				CLANG_ANALYZER_NUMBER_OBJECT_CONVERSION = YES_AGGRESSIVE;
				CLANG_CXX_LANGUAGE_STANDARD = "gnu++20";
				CLANG_ENABLE_MODULES = YES;
				CLANG_ENABLE_OBJC_ARC = YES;
				CLANG_ENABLE_OBJC_WEAK = YES;
				CLANG_WARN_BLOCK_CAPTURE_AUTORELEASING = YES;
				CLANG_WARN_BOOL_CONVERSION = YES;
				CLANG_WARN_COMMA = YES;
				CLANG_WARN_CONSTANT_CONVERSION = YES;
				CLANG_WARN_DEPRECATED_OBJC_IMPLEMENTATIONS = YES;
				CLANG_WARN_DIRECT_OBJC_ISA_USAGE = YES_ERROR;
				CLANG_WARN_DOCUMENTATION_COMMENTS = YES;
				CLANG_WARN_EMPTY_BODY = YES;
				CLANG_WARN_ENUM_CONVERSION = YES;
				CLANG_WARN_INFINITE_RECURSION = YES;
				CLANG_WARN_INT_CONVERSION = YES;
				CLANG_WARN_NON_LITERAL_NULL_CONVERSION = YES;
				CLANG_WARN_OBJC_IMPLICIT_RETAIN_SELF = YES;
				CLANG_WARN_OBJC_LITERAL_CONVERSION = YES;
				CLANG_WARN_OBJC_ROOT_CLASS = YES_ERROR;
				CLANG_WARN_QUOTED_INCLUDE_IN_FRAMEWORK_HEADER = YES;
				CLANG_WARN_RANGE_LOOP_ANALYSIS = YES;
				CLANG_WARN_STRICT_PROTOTYPES = YES;
				CLANG_WARN_SUSPICIOUS_MOVE = YES;
				CLANG_WARN_UNGUARDED_AVAILABILITY = YES_AGGRESSIVE;
				CLANG_WARN_UNREACHABLE_CODE = YES;
				CLANG_WARN__DUPLICATE_METHOD_MATCH = YES;
				COPY_PHASE_STRIP = NO;
				DEBUG_INFORMATION_FORMAT = dwarf;
				ENABLE_STRICT_OBJC_MSGSEND = YES;
				ENABLE_TESTABILITY = YES;
				GCC_C_LANGUAGE_STANDARD = gnu11;
				GCC_DYNAMIC_NO_PIC = NO;
				GCC_NO_COMMON_BLOCKS = YES;
				GCC_OPTIMIZATION_LEVEL = 0;
				GCC_PREPROCESSOR_DEFINITIONS = (
					"DEBUG=1",
					"$(inherited)",
				);
				GCC_WARN_64_TO_32_BIT_CONVERSION = YES;
				GCC_WARN_ABOUT_RETURN_TYPE = YES_ERROR;
				GCC_WARN_UNDECLARED_SELECTOR = YES;
				GCC_WARN_UNINITIALIZED_AUTOS = YES_AGGRESSIVE;
				GCC_WARN_UNUSED_FUNCTION = YES;
				GCC_WARN_UNUSED_VARIABLE = YES;
				IPHONEOS_DEPLOYMENT_TARGET = 16.4;
				MTL_ENABLE_DEBUG_INFO = INCLUDE_SOURCE;
				MTL_FAST_MATH = YES;
				ONLY_ACTIVE_ARCH = YES;
				SDKROOT = iphoneos;
				SWIFT_ACTIVE_COMPILATION_CONDITIONS = DEBUG;
				SWIFT_OPTIMIZATION_LEVEL = "-Onone";
			};
			name = Debug;
		};
		BDC9E3A32A3A063D008823A4 /* Release */ = {
			isa = XCBuildConfiguration;
			buildSettings = {
				ALWAYS_SEARCH_USER_PATHS = NO;
				CLANG_ANALYZER_NONNULL = YES;
				CLANG_ANALYZER_NUMBER_OBJECT_CONVERSION = YES_AGGRESSIVE;
				CLANG_CXX_LANGUAGE_STANDARD = "gnu++20";
				CLANG_ENABLE_MODULES = YES;
				CLANG_ENABLE_OBJC_ARC = YES;
				CLANG_ENABLE_OBJC_WEAK = YES;
				CLANG_WARN_BLOCK_CAPTURE_AUTORELEASING = YES;
				CLANG_WARN_BOOL_CONVERSION = YES;
				CLANG_WARN_COMMA = YES;
				CLANG_WARN_CONSTANT_CONVERSION = YES;
				CLANG_WARN_DEPRECATED_OBJC_IMPLEMENTATIONS = YES;
				CLANG_WARN_DIRECT_OBJC_ISA_USAGE = YES_ERROR;
				CLANG_WARN_DOCUMENTATION_COMMENTS = YES;
				CLANG_WARN_EMPTY_BODY = YES;
				CLANG_WARN_ENUM_CONVERSION = YES;
				CLANG_WARN_INFINITE_RECURSION = YES;
				CLANG_WARN_INT_CONVERSION = YES;
				CLANG_WARN_NON_LITERAL_NULL_CONVERSION = YES;
				CLANG_WARN_OBJC_IMPLICIT_RETAIN_SELF = YES;
				CLANG_WARN_OBJC_LITERAL_CONVERSION = YES;
				CLANG_WARN_OBJC_ROOT_CLASS = YES_ERROR;
				CLANG_WARN_QUOTED_INCLUDE_IN_FRAMEWORK_HEADER = YES;
				CLANG_WARN_RANGE_LOOP_ANALYSIS = YES;
				CLANG_WARN_STRICT_PROTOTYPES = YES;
				CLANG_WARN_SUSPICIOUS_MOVE = YES;
				CLANG_WARN_UNGUARDED_AVAILABILITY = YES_AGGRESSIVE;
				CLANG_WARN_UNREACHABLE_CODE = YES;
				CLANG_WARN__DUPLICATE_METHOD_MATCH = YES;
				COPY_PHASE_STRIP = NO;
				DEBUG_INFORMATION_FORMAT = "dwarf-with-dsym";
				ENABLE_NS_ASSERTIONS = NO;
				ENABLE_STRICT_OBJC_MSGSEND = YES;
				GCC_C_LANGUAGE_STANDARD = gnu11;
				GCC_NO_COMMON_BLOCKS = YES;
				GCC_WARN_64_TO_32_BIT_CONVERSION = YES;
				GCC_WARN_ABOUT_RETURN_TYPE = YES_ERROR;
				GCC_WARN_UNDECLARED_SELECTOR = YES;
				GCC_WARN_UNINITIALIZED_AUTOS = YES_AGGRESSIVE;
				GCC_WARN_UNUSED_FUNCTION = YES;
				GCC_WARN_UNUSED_VARIABLE = YES;
				IPHONEOS_DEPLOYMENT_TARGET = 16.4;
				MTL_ENABLE_DEBUG_INFO = NO;
				MTL_FAST_MATH = YES;
				SDKROOT = iphoneos;
				SWIFT_COMPILATION_MODE = wholemodule;
				SWIFT_OPTIMIZATION_LEVEL = "-O";
				VALIDATE_PRODUCT = YES;
			};
			name = Release;
		};
		BDC9E3A52A3A063D008823A4 /* Debug */ = {
			isa = XCBuildConfiguration;
			buildSettings = {
				ASSETCATALOG_COMPILER_APPICON_NAME = AppIcon;
				ASSETCATALOG_COMPILER_GLOBAL_ACCENT_COLOR_NAME = AccentColor;
				CODE_SIGN_STYLE = Automatic;
				CURRENT_PROJECT_VERSION = 1;
				DEVELOPMENT_ASSET_PATHS = "\"etmhfyjrsyat4wyehtjxtrewtgrhzdgn/Preview Content\"";
				ENABLE_PREVIEWS = YES;
				GENERATE_INFOPLIST_FILE = YES;
				INFOPLIST_KEY_UIApplicationSceneManifest_Generation = YES;
				INFOPLIST_KEY_UIApplicationSupportsIndirectInputEvents = YES;
				INFOPLIST_KEY_UILaunchScreen_Generation = YES;
				INFOPLIST_KEY_UISupportedInterfaceOrientations_iPad = "UIInterfaceOrientationPortrait UIInterfaceOrientationPortraitUpsideDown UIInterfaceOrientationLandscapeLeft UIInterfaceOrientationLandscapeRight";
				INFOPLIST_KEY_UISupportedInterfaceOrientations_iPhone = "UIInterfaceOrientationPortrait UIInterfaceOrientationLandscapeLeft UIInterfaceOrientationLandscapeRight";
				LD_RUNPATH_SEARCH_PATHS = (
					"$(inherited)",
					"@executable_path/Frameworks",
				);
				MARKETING_VERSION = 1.0;
				PRODUCT_BUNDLE_IDENTIFIER = kwk.etmhfyjrsyat4wyehtjxtrewtgrhzdgn;
				PRODUCT_NAME = "$(TARGET_NAME)";
				SWIFT_EMIT_LOC_STRINGS = YES;
				SWIFT_VERSION = 5.0;
				TARGETED_DEVICE_FAMILY = "1,2";
			};
			name = Debug;
		};
		BDC9E3A62A3A063D008823A4 /* Release */ = {
			isa = XCBuildConfiguration;
			buildSettings = {
				ASSETCATALOG_COMPILER_APPICON_NAME = AppIcon;
				ASSETCATALOG_COMPILER_GLOBAL_ACCENT_COLOR_NAME = AccentColor;
				CODE_SIGN_STYLE = Automatic;
				CURRENT_PROJECT_VERSION = 1;
				DEVELOPMENT_ASSET_PATHS = "\"etmhfyjrsyat4wyehtjxtrewtgrhzdgn/Preview Content\"";
				ENABLE_PREVIEWS = YES;
				GENERATE_INFOPLIST_FILE = YES;
				INFOPLIST_KEY_UIApplicationSceneManifest_Generation = YES;
				INFOPLIST_KEY_UIApplicationSupportsIndirectInputEvents = YES;
				INFOPLIST_KEY_UILaunchScreen_Generation = YES;
				INFOPLIST_KEY_UISupportedInterfaceOrientations_iPad = "UIInterfaceOrientationPortrait UIInterfaceOrientationPortraitUpsideDown UIInterfaceOrientationLandscapeLeft UIInterfaceOrientationLandscapeRight";
				INFOPLIST_KEY_UISupportedInterfaceOrientations_iPhone = "UIInterfaceOrientationPortrait UIInterfaceOrientationLandscapeLeft UIInterfaceOrientationLandscapeRight";
				LD_RUNPATH_SEARCH_PATHS = (
					"$(inherited)",
					"@executable_path/Frameworks",
				);
				MARKETING_VERSION = 1.0;
				PRODUCT_BUNDLE_IDENTIFIER = kwk.etmhfyjrsyat4wyehtjxtrewtgrhzdgn;
				PRODUCT_NAME = "$(TARGET_NAME)";
				SWIFT_EMIT_LOC_STRINGS = YES;
				SWIFT_VERSION = 5.0;
				TARGETED_DEVICE_FAMILY = "1,2";
			};
			name = Release;
		};
/* End XCBuildConfiguration section */

/* Begin XCConfigurationList section */
		BDC9E3912A3A063C008823A4 /* Build configuration list for PBXProject "etmhfyjrsyat4wyehtjxtrewtgrhzdgn" */ = {
			isa = XCConfigurationList;
			buildConfigurations = (
				BDC9E3A22A3A063D008823A4 /* Debug */,
				BDC9E3A32A3A063D008823A4 /* Release */,
			);
			defaultConfigurationIsVisible = 0;
			defaultConfigurationName = Release;
		};
		BDC9E3A42A3A063D008823A4 /* Build configuration list for PBXNativeTarget "etmhfyjrsyat4wyehtjxtrewtgrhzdgn" */ = {
			isa = XCConfigurationList;
			buildConfigurations = (
				BDC9E3A52A3A063D008823A4 /* Debug */,
				BDC9E3A62A3A063D008823A4 /* Release */,
			);
			defaultConfigurationIsVisible = 0;
			defaultConfigurationName = Release;
		};
/* End XCConfigurationList section */
	};
	rootObject = BDC9E38E2A3A063C008823A4 /* Project object */;
}
